{
    "_meta": {
        "hash": {
            "sha256": "b62bc3f7feb3f4d4f48bdc63e9eea3464bbe1bbf3a338aa9f625390d03fd6f96"
        },
        "pipfile-spec": 6,
        "requires": {
            "python_version": "3.8"
        },
        "sources": [
            {
                "name": "pypi",
                "url": "https://pypi.org/simple",
                "verify_ssl": true
            }
        ]
    },
    "default": {
        "mpmath": {
            "hashes": [
                "sha256:604bc21bd22d2322a177c73bdb573994ef76e62edd595d17e00aff24b0667e5c",
                "sha256:79ffb45cf9f4b101a807595bcb3e72e0396202e0b1d25d689134b48c4216a81a"
            ],
            "index": "pypi",
            "version": "==1.2.1"
        },
        "sympy": {
            "hashes": [
                "sha256:5939eeffdf9e152172601463626c022a2c27e75cf6278de8d401d50c9d58787b",
                "sha256:df75d738930f6fe9ebe7034e59d56698f29e85f443f743e51e47df0caccc2130"
            ],
            "index": "pypi",
            "version": "==1.10.1"
        }
    },
    "develop": {}
}
