version = 1
requires-python = ">=3.10"

[[package]]
name = "mpmath"
version = "1.2.1"
source = { registry = "https://pypi.org/simple" }
sdist = { url = "https://files.pythonhosted.org/packages/95/ba/7384cb4db4ed474d4582944053549e02ec25da630810e4a23454bc9fa617/mpmath-1.2.1.tar.gz", hash = "sha256:79ffb45cf9f4b101a807595bcb3e72e0396202e0b1d25d689134b48c4216a81a", size = 2144222 }
wheels = [
    { url = "https://files.pythonhosted.org/packages/d4/cf/3965bddbb4f1a61c49aacae0e78fd1fe36b5dc36c797b31f30cf07dcbbb7/mpmath-1.2.1-py3-none-any.whl", hash = "sha256:604bc21bd22d2322a177c73bdb573994ef76e62edd595d17e00aff24b0667e5c", size = 532568 },
]

[[package]]
name = "soapy"
version = "0.1.0"
source = { virtual = "." }
dependencies = [
    { name = "mpmath" },
    { name = "sympy" },
]

[package.metadata]
requires-dist = [
    { name = "mpmath", specifier = "==1.2.1" },
    { name = "sympy", specifier = "==1.11.1" },
]

[[package]]
name = "sympy"
version = "1.11.1"
source = { registry = "https://pypi.org/simple" }
dependencies = [
    { name = "mpmath" },
]
sdist = { url = "https://files.pythonhosted.org/packages/5a/36/4667b08bc45131fe655a27b1a112c1730f3244343c53a338f44d730bd6ba/sympy-1.11.1.tar.gz", hash = "sha256:e32380dce63cb7c0108ed525570092fd45168bdae2faa17e528221ef72e88658", size = 12921384 }
wheels = [
    { url = "https://files.pythonhosted.org/packages/2d/49/a2d03101e2d28ad528968144831d506344418ef1cc04839acdbe185889c2/sympy-1.11.1-py3-none-any.whl", hash = "sha256:938f984ee2b1e8eae8a07b884c8b7a1146010040fccddc6539c54f401c8f6fcf", size = 6471005 },
]
